
Microsoft Visual Studio Solution File, Format Version 12.00
# Visual Studio 2013
VisualStudioVersion = 12.0.31101.0
MinimumVisualStudioVersion = 10.0.40219.1
Project("{FAE04EC0-301F-11D3-BF4B-00C04F79EFBC}") = "ModelSite", "ModelSite\ModelSite.csproj", "{F0175A1B-05DC-4878-9A3B-CA0EA589AEDF}"
EndProject
Global
	GlobalSection(SolutionConfigurationPlatforms) = preSolution
		Debug|Any CPU = Debug|Any CPU
		Release|Any CPU = Release|Any CPU
	EndGlobalSection
	GlobalSection(ProjectConfigurationPlatforms) = postSolution
		{F0175A1B-05DC-4878-9A3B-CA0EA589AEDF}.Debug|Any CPU.ActiveCfg = Debug|Any CPU
		{F0175A1B-05DC-4878-9A3B-CA0EA589AEDF}.Debug|Any CPU.Build.0 = Debug|Any CPU
		{F0175A1B-05DC-4878-9A3B-CA0EA589AEDF}.Release|Any CPU.ActiveCfg = Release|Any CPU
		{F0175A1B-05DC-4878-9A3B-CA0EA589AEDF}.Release|Any CPU.Build.0 = Release|Any CPU
	EndGlobalSection
	GlobalSection(SolutionProperties) = preSolution
		HideSolutionNode = FALSE
	EndGlobalSection
EndGlobal
